PODS:
  - MLRefreshControl (0.0.1)

DEPENDENCIES:
  - MLRefreshControl (from `../MLRefreshControl.podspec`)

EXTERNAL SOURCES:
  MLRefreshControl:
    :path: ../MLRefreshControl.podspec

SPEC CHECKSUMS:
  MLRefreshControl: 377298f9d030c77cf8a3908734ebccdae06bf54b

PODFILE CHECKSUM: d2858542b1b102cc3023f9133e8741f8326c5cd3

COCOAPODS: 1.0.1
