PODS:
  - MLRefreshControl (0.0.2)

DEPENDENCIES:
  - MLRefreshControl (from `../MLRefreshControl.podspec`)

EXTERNAL SOURCES:
  MLRefreshControl:
    :path: ../MLRefreshControl.podspec

SPEC CHECKSUMS:
  MLRefreshControl: b278eee714dbb59812bbb65f6a7b1de7667760cf

PODFILE CHECKSUM: d2858542b1b102cc3023f9133e8741f8326c5cd3

COCOAPODS: 1.0.1
